
Microsoft Visual Studio Solution File, Format Version 12.00
# Visual Studio 15
VisualStudioVersion = 15.0.28307.1062
MinimumVisualStudioVersion = 10.0.40219.1
Project("{FAE04EC0-301F-11D3-BF4B-00C04F79EFBC}") = "UberBuilder", "UberBuilder\UberBuilder.csproj", "{9387DE30-A027-4F98-94F2-01B9C8085274}"
EndProject
Global
	GlobalSection(SolutionConfigurationPlatforms) = preSolution
		Debug|x86 = Debug|x86
		Release|x86 = Release|x86
	EndGlobalSection
	GlobalSection(ProjectConfigurationPlatforms) = postSolution
		{9387DE30-A027-4F98-94F2-01B9C8085274}.Debug|x86.ActiveCfg = Debug|x86
		{9387DE30-A027-4F98-94F2-01B9C8085274}.Debug|x86.Build.0 = Debug|x86
		{9387DE30-A027-4F98-94F2-01B9C8085274}.Release|x86.ActiveCfg = Release|x86
		{9387DE30-A027-4F98-94F2-01B9C8085274}.Release|x86.Build.0 = Release|x86
	EndGlobalSection
	GlobalSection(SolutionProperties) = preSolution
		HideSolutionNode = FALSE
	EndGlobalSection
	GlobalSection(ExtensibilityGlobals) = postSolution
		SolutionGuid = {1F7DCEDC-7FE2-4A62-8D6A-13B6E8A59FB7}
	EndGlobalSection
EndGlobal
